
Microsoft Visual Studio Solution File, Format Version 12.00
# Visual Studio 15
Project("{FAE04EC0-301F-11D3-BF4B-00C04F79EFBC}") = "Assembly-CSharp", "Assembly-CSharp.csproj", "{0EBE28AD-0E08-A308-9D80-3FAC40F5AD78}"
EndProject
Project("{FAE04EC0-301F-11D3-BF4B-00C04F79EFBC}") = "TextToTMP.Editor", "TextToTMP.Editor.csproj", "{CCD08FA3-0090-E53E-1054-D8AE9F61215C}"
EndProject
Global
	GlobalSection(SolutionConfigurationPlatforms) = preSolution
		Debug|Any CPU = Debug|Any CPU
		Release|Any CPU = Release|Any CPU
	EndGlobalSection
	GlobalSection(ProjectConfigurationPlatforms) = postSolution
		{0EBE28AD-0E08-A308-9D80-3FAC40F5AD78}.Debug|Any CPU.ActiveCfg = Debug|Any CPU
		{0EBE28AD-0E08-A308-9D80-3FAC40F5AD78}.Debug|Any CPU.Build.0 = Debug|Any CPU
		{0EBE28AD-0E08-A308-9D80-3FAC40F5AD78}.Release|Any CPU.ActiveCfg = Release|Any CPU
		{0EBE28AD-0E08-A308-9D80-3FAC40F5AD78}.Release|Any CPU.Build.0 = Release|Any CPU
		{CCD08FA3-0090-E53E-1054-D8AE9F61215C}.Debug|Any CPU.ActiveCfg = Debug|Any CPU
		{CCD08FA3-0090-E53E-1054-D8AE9F61215C}.Debug|Any CPU.Build.0 = Debug|Any CPU
		{CCD08FA3-0090-E53E-1054-D8AE9F61215C}.Release|Any CPU.ActiveCfg = Release|Any CPU
		{CCD08FA3-0090-E53E-1054-D8AE9F61215C}.Release|Any CPU.Build.0 = Release|Any CPU
	EndGlobalSection
	GlobalSection(SolutionProperties) = preSolution
		HideSolutionNode = FALSE
	EndGlobalSection
EndGlobal
